// !$*UTF8*$!
{
	archiveVersion = 1;
	classes = {
	};
	objectVersion = 56;
	objects = {

/* Begin PBXBuildFile section */
		0615ED9E2C3C10DB00FBE0D2 /* SplashScreenView.swift in Sources */ = {isa = PBXBuildFile; fileRef = 0615ED9D2C3C10DB00FBE0D2 /* SplashScreenView.swift */; };
		06224E852C3BF819003BEAA7 /* Quantum-Clicker-Info.plist in Resources */ = {isa = PBXBuildFile; fileRef = 06224E842C3BF819003BEAA7 /* Quantum-Clicker-Info.plist */; };
		0634530A2C28959F00DACD2C /* Quantum_ClickerApp.swift in Sources */ = {isa = PBXBuildFile; fileRef = 063453092C28959F00DACD2C /* Quantum_ClickerApp.swift */; };
		0634530C2C28959F00DACD2C /* ContentView.swift in Sources */ = {isa = PBXBuildFile; fileRef = 0634530B2C28959F00DACD2C /* ContentView.swift */; };
		0634530E2C2895A000DACD2C /* Assets.xcassets in Resources */ = {isa = PBXBuildFile; fileRef = 0634530D2C2895A000DACD2C /* Assets.xcassets */; };
		063453122C2895A000DACD2C /* Preview Assets.xcassets in Resources */ = {isa = PBXBuildFile; fileRef = 063453112C2895A000DACD2C /* Preview Assets.xcassets */; };
		063CAE552C3FE8FA0044D929 /* AchievementModel.swift in Sources */ = {isa = PBXBuildFile; fileRef = 063CAE542C3FE8FA0044D929 /* AchievementModel.swift */; };
		0679C04B2C3E93E00064A4CB /* PrestigeView.swift in Sources */ = {isa = PBXBuildFile; fileRef = 0679C04A2C3E93E00064A4CB /* PrestigeView.swift */; };
		06CA32C82C28EC2D000E806F /* GameState.swift in Sources */ = {isa = PBXBuildFile; fileRef = 06CA32C72C28EC2D000E806F /* GameState.swift */; };
		06CA32CA2C28EC82000E806F /* Resource.swift in Sources */ = {isa = PBXBuildFile; fileRef = 06CA32C92C28EC82000E806F /* Resource.swift */; };
		06CA32CC2C28EC98000E806F /* Upgrade.swift in Sources */ = {isa = PBXBuildFile; fileRef = 06CA32CB2C28EC98000E806F /* Upgrade.swift */; };
		06CA32CE2C28ECAB000E806F /* Factory.swift in Sources */ = {isa = PBXBuildFile; fileRef = 06CA32CD2C28ECAB000E806F /* Factory.swift */; };
		06CA32D02C28ECF6000E806F /* ClickerView.swift in Sources */ = {isa = PBXBuildFile; fileRef = 06CA32CF2C28ECF6000E806F /* ClickerView.swift */; };
		06CA32D62C28EDBE000E806F /* StatsView.swift in Sources */ = {isa = PBXBuildFile; fileRef = 06CA32D52C28EDBE000E806F /* StatsView.swift */; };
		06CA32D82C297344000E806F /* StoreView.swift in Sources */ = {isa = PBXBuildFile; fileRef = 06CA32D72C297344000E806F /* StoreView.swift */; };
		06E3695E2C3F0850005284A1 /* PrestigeUpgradeModel.swift in Sources */ = {isa = PBXBuildFile; fileRef = 06E3695D2C3F0850005284A1 /* PrestigeUpgradeModel.swift */; };
/* End PBXBuildFile section */

/* Begin PBXFileReference section */
		0615ED9D2C3C10DB00FBE0D2 /* SplashScreenView.swift */ = {isa = PBXFileReference; lastKnownFileType = sourcecode.swift; path = SplashScreenView.swift; sourceTree = "<group>"; };
		06224E842C3BF819003BEAA7 /* Quantum-Clicker-Info.plist */ = {isa = PBXFileReference; fileEncoding = 4; lastKnownFileType = text.plist.xml; path = "Quantum-Clicker-Info.plist"; sourceTree = SOURCE_ROOT; };
		063453062C28959F00DACD2C /* Quantum Clicker.app */ = {isa = PBXFileReference; explicitFileType = wrapper.application; includeInIndex = 0; path = "Quantum Clicker.app"; sourceTree = BUILT_PRODUCTS_DIR; };
		063453092C28959F00DACD2C /* Quantum_ClickerApp.swift */ = {isa = PBXFileReference; lastKnownFileType = sourcecode.swift; path = Quantum_ClickerApp.swift; sourceTree = "<group>"; };
		0634530B2C28959F00DACD2C /* ContentView.swift */ = {isa = PBXFileReference; lastKnownFileType = sourcecode.swift; path = ContentView.swift; sourceTree = "<group>"; };
		0634530D2C2895A000DACD2C /* Assets.xcassets */ = {isa = PBXFileReference; lastKnownFileType = folder.assetcatalog; path = Assets.xcassets; sourceTree = "<group>"; };
		0634530F2C2895A000DACD2C /* Quantum_Clicker.entitlements */ = {isa = PBXFileReference; lastKnownFileType = text.plist.entitlements; path = Quantum_Clicker.entitlements; sourceTree = "<group>"; };
		063453112C2895A000DACD2C /* Preview Assets.xcassets */ = {isa = PBXFileReference; lastKnownFileType = folder.assetcatalog; path = "Preview Assets.xcassets"; sourceTree = "<group>"; };
		063CAE542C3FE8FA0044D929 /* AchievementModel.swift */ = {isa = PBXFileReference; lastKnownFileType = sourcecode.swift; path = AchievementModel.swift; sourceTree = "<group>"; };
		0679C04A2C3E93E00064A4CB /* PrestigeView.swift */ = {isa = PBXFileReference; lastKnownFileType = sourcecode.swift; path = PrestigeView.swift; sourceTree = "<group>"; };
		06AFE6FB2C28B01E0070DBB4 /* README.md */ = {isa = PBXFileReference; lastKnownFileType = net.daringfireball.markdown; path = README.md; sourceTree = "<group>"; };
		06CA32C72C28EC2D000E806F /* GameState.swift */ = {isa = PBXFileReference; lastKnownFileType = sourcecode.swift; path = GameState.swift; sourceTree = "<group>"; };
		06CA32C92C28EC82000E806F /* Resource.swift */ = {isa = PBXFileReference; lastKnownFileType = sourcecode.swift; path = Resource.swift; sourceTree = "<group>"; };
		06CA32CB2C28EC98000E806F /* Upgrade.swift */ = {isa = PBXFileReference; lastKnownFileType = sourcecode.swift; path = Upgrade.swift; sourceTree = "<group>"; };
		06CA32CD2C28ECAB000E806F /* Factory.swift */ = {isa = PBXFileReference; lastKnownFileType = sourcecode.swift; path = Factory.swift; sourceTree = "<group>"; };
		06CA32CF2C28ECF6000E806F /* ClickerView.swift */ = {isa = PBXFileReference; lastKnownFileType = sourcecode.swift; path = ClickerView.swift; sourceTree = "<group>"; };
		06CA32D52C28EDBE000E806F /* StatsView.swift */ = {isa = PBXFileReference; lastKnownFileType = sourcecode.swift; path = StatsView.swift; sourceTree = "<group>"; };
		06CA32D72C297344000E806F /* StoreView.swift */ = {isa = PBXFileReference; lastKnownFileType = sourcecode.swift; path = StoreView.swift; sourceTree = "<group>"; };
		06E3695D2C3F0850005284A1 /* PrestigeUpgradeModel.swift */ = {isa = PBXFileReference; lastKnownFileType = sourcecode.swift; path = PrestigeUpgradeModel.swift; sourceTree = "<group>"; };
/* End PBXFileReference section */

/* Begin PBXFrameworksBuildPhase section */
		063453032C28959F00DACD2C /* Frameworks */ = {
			isa = PBXFrameworksBuildPhase;
			buildActionMask = 2147483647;
			files = (
			);
			runOnlyForDeploymentPostprocessing = 0;
		};
/* End PBXFrameworksBuildPhase section */

/* Begin PBXGroup section */
		063452FD2C28959F00DACD2C = {
			isa = PBXGroup;
			children = (
				06AFE6FB2C28B01E0070DBB4 /* README.md */,
				063453082C28959F00DACD2C /* Quantum Clicker */,
				063453072C28959F00DACD2C /* Products */,
			);
			sourceTree = "<group>";
		};
		063453072C28959F00DACD2C /* Products */ = {
			isa = PBXGroup;
			children = (
				063453062C28959F00DACD2C /* Quantum Clicker.app */,
			);
			name = Products;
			sourceTree = "<group>";
		};
		063453082C28959F00DACD2C /* Quantum Clicker */ = {
			isa = PBXGroup;
			children = (
				06224E842C3BF819003BEAA7 /* Quantum-Clicker-Info.plist */,
				063453092C28959F00DACD2C /* Quantum_ClickerApp.swift */,
				0634530B2C28959F00DACD2C /* ContentView.swift */,
				0615ED9D2C3C10DB00FBE0D2 /* SplashScreenView.swift */,
				0679C04A2C3E93E00064A4CB /* PrestigeView.swift */,
				06CA32CF2C28ECF6000E806F /* ClickerView.swift */,
				06CA32D72C297344000E806F /* StoreView.swift */,
				06CA32D52C28EDBE000E806F /* StatsView.swift */,
				063CAE562C3FF43B0044D929 /* classes */,
				06CA32C72C28EC2D000E806F /* GameState.swift */,
				0634530D2C2895A000DACD2C /* Assets.xcassets */,
				0634530F2C2895A000DACD2C /* Quantum_Clicker.entitlements */,
				063453102C2895A000DACD2C /* Preview Content */,
			);
			path = "Quantum Clicker";
			sourceTree = "<group>";
		};
		063453102C2895A000DACD2C /* Preview Content */ = {
			isa = PBXGroup;
			children = (
				063453112C2895A000DACD2C /* Preview Assets.xcassets */,
			);
			path = "Preview Content";
			sourceTree = "<group>";
		};
		063CAE562C3FF43B0044D929 /* classes */ = {
			isa = PBXGroup;
			children = (
				06CA32C92C28EC82000E806F /* Resource.swift */,
				06CA32CB2C28EC98000E806F /* Upgrade.swift */,
				06E3695D2C3F0850005284A1 /* PrestigeUpgradeModel.swift */,
				063CAE542C3FE8FA0044D929 /* AchievementModel.swift */,
				06CA32CD2C28ECAB000E806F /* Factory.swift */,
			);
			path = classes;
			sourceTree = "<group>";
		};
/* End PBXGroup section */

/* Begin PBXNativeTarget section */
		063453052C28959F00DACD2C /* Quantum Clicker */ = {
			isa = PBXNativeTarget;
			buildConfigurationList = 063453152C2895A000DACD2C /* Build configuration list for PBXNativeTarget "Quantum Clicker" */;
			buildPhases = (
				063453022C28959F00DACD2C /* Sources */,
				063453032C28959F00DACD2C /* Frameworks */,
				063453042C28959F00DACD2C /* Resources */,
			);
			buildRules = (
			);
			dependencies = (
			);
			name = "Quantum Clicker";
			productName = "Quantum Clicker";
			productReference = 063453062C28959F00DACD2C /* Quantum Clicker.app */;
			productType = "com.apple.product-type.application";
		};
/* End PBXNativeTarget section */

/* Begin PBXProject section */
		063452FE2C28959F00DACD2C /* Project object */ = {
			isa = PBXProject;
			attributes = {
				BuildIndependentTargetsInParallel = 1;
				LastSwiftUpdateCheck = 1540;
				LastUpgradeCheck = 1540;
				TargetAttributes = {
					063453052C28959F00DACD2C = {
						CreatedOnToolsVersion = 15.4;
					};
				};
			};
			buildConfigurationList = 063453012C28959F00DACD2C /* Build configuration list for PBXProject "Quantum Clicker" */;
			compatibilityVersion = "Xcode 14.0";
			developmentRegion = en;
			hasScannedForEncodings = 0;
			knownRegions = (
				en,
				Base,
			);
			mainGroup = 063452FD2C28959F00DACD2C;
			productRefGroup = 063453072C28959F00DACD2C /* Products */;
			projectDirPath = "";
			projectRoot = "";
			targets = (
				063453052C28959F00DACD2C /* Quantum Clicker */,
			);
		};
/* End PBXProject section */

/* Begin PBXResourcesBuildPhase section */
		063453042C28959F00DACD2C /* Resources */ = {
			isa = PBXResourcesBuildPhase;
			buildActionMask = 2147483647;
			files = (
				063453122C2895A000DACD2C /* Preview Assets.xcassets in Resources */,
				06224E852C3BF819003BEAA7 /* Quantum-Clicker-Info.plist in Resources */,
				0634530E2C2895A000DACD2C /* Assets.xcassets in Resources */,
			);
			runOnlyForDeploymentPostprocessing = 0;
		};
/* End PBXResourcesBuildPhase section */

/* Begin PBXSourcesBuildPhase section */
		063453022C28959F00DACD2C /* Sources */ = {
			isa = PBXSourcesBuildPhase;
			buildActionMask = 2147483647;
			files = (
				06CA32C82C28EC2D000E806F /* GameState.swift in Sources */,
				06CA32CA2C28EC82000E806F /* Resource.swift in Sources */,
				06CA32D82C297344000E806F /* StoreView.swift in Sources */,
				06CA32CE2C28ECAB000E806F /* Factory.swift in Sources */,
				06CA32D02C28ECF6000E806F /* ClickerView.swift in Sources */,
				0679C04B2C3E93E00064A4CB /* PrestigeView.swift in Sources */,
				06CA32D62C28EDBE000E806F /* StatsView.swift in Sources */,
				0634530C2C28959F00DACD2C /* ContentView.swift in Sources */,
				063CAE552C3FE8FA0044D929 /* AchievementModel.swift in Sources */,
				0615ED9E2C3C10DB00FBE0D2 /* SplashScreenView.swift in Sources */,
				06E3695E2C3F0850005284A1 /* PrestigeUpgradeModel.swift in Sources */,
				0634530A2C28959F00DACD2C /* Quantum_ClickerApp.swift in Sources */,
				06CA32CC2C28EC98000E806F /* Upgrade.swift in Sources */,
			);
			runOnlyForDeploymentPostprocessing = 0;
		};
/* End PBXSourcesBuildPhase section */

/* Begin XCBuildConfiguration section */
		063453132C2895A000DACD2C /* Debug */ = {
			isa = XCBuildConfiguration;
			buildSettings = {
				ALWAYS_SEARCH_USER_PATHS = NO;
				ASSETCATALOG_COMPILER_GENERATE_SWIFT_ASSET_SYMBOL_EXTENSIONS = YES;
				CLANG_ANALYZER_NONNULL = YES;
				CLANG_ANALYZER_NUMBER_OBJECT_CONVERSION = YES_AGGRESSIVE;
				CLANG_CXX_LANGUAGE_STANDARD = "gnu++20";
				CLANG_ENABLE_MODULES = YES;
				CLANG_ENABLE_OBJC_ARC = YES;
				CLANG_ENABLE_OBJC_WEAK = YES;
				CLANG_WARN_BLOCK_CAPTURE_AUTORELEASING = YES;
				CLANG_WARN_BOOL_CONVERSION = YES;
				CLANG_WARN_COMMA = YES;
				CLANG_WARN_CONSTANT_CONVERSION = YES;
				CLANG_WARN_DEPRECATED_OBJC_IMPLEMENTATIONS = YES;
				CLANG_WARN_DIRECT_OBJC_ISA_USAGE = YES_ERROR;
				CLANG_WARN_DOCUMENTATION_COMMENTS = YES;
				CLANG_WARN_EMPTY_BODY = YES;
				CLANG_WARN_ENUM_CONVERSION = YES;
				CLANG_WARN_INFINITE_RECURSION = YES;
				CLANG_WARN_INT_CONVERSION = YES;
				CLANG_WARN_NON_LITERAL_NULL_CONVERSION = YES;
				CLANG_WARN_OBJC_IMPLICIT_RETAIN_SELF = YES;
				CLANG_WARN_OBJC_LITERAL_CONVERSION = YES;
				CLANG_WARN_OBJC_ROOT_CLASS = YES_ERROR;
				CLANG_WARN_QUOTED_INCLUDE_IN_FRAMEWORK_HEADER = YES;
				CLANG_WARN_RANGE_LOOP_ANALYSIS = YES;
				CLANG_WARN_STRICT_PROTOTYPES = YES;
				CLANG_WARN_SUSPICIOUS_MOVE = YES;
				CLANG_WARN_UNGUARDED_AVAILABILITY = YES_AGGRESSIVE;
				CLANG_WARN_UNREACHABLE_CODE = YES;
				CLANG_WARN__DUPLICATE_METHOD_MATCH = YES;
				COPY_PHASE_STRIP = NO;
				DEBUG_INFORMATION_FORMAT = dwarf;
				ENABLE_STRICT_OBJC_MSGSEND = YES;
				ENABLE_TESTABILITY = YES;
				ENABLE_USER_SCRIPT_SANDBOXING = YES;
				GCC_C_LANGUAGE_STANDARD = gnu17;
				GCC_DYNAMIC_NO_PIC = NO;
				GCC_NO_COMMON_BLOCKS = YES;
				GCC_OPTIMIZATION_LEVEL = 0;
				GCC_PREPROCESSOR_DEFINITIONS = (
					"DEBUG=1",
					"$(inherited)",
				);
				GCC_WARN_64_TO_32_BIT_CONVERSION = YES;
				GCC_WARN_ABOUT_RETURN_TYPE = YES_ERROR;
				GCC_WARN_UNDECLARED_SELECTOR = YES;
				GCC_WARN_UNINITIALIZED_AUTOS = YES_AGGRESSIVE;
				GCC_WARN_UNUSED_FUNCTION = YES;
				GCC_WARN_UNUSED_VARIABLE = YES;
				LOCALIZATION_PREFERS_STRING_CATALOGS = YES;
				MTL_ENABLE_DEBUG_INFO = INCLUDE_SOURCE;
				MTL_FAST_MATH = YES;
				ONLY_ACTIVE_ARCH = YES;
				SWIFT_ACTIVE_COMPILATION_CONDITIONS = "DEBUG $(inherited)";
				SWIFT_OPTIMIZATION_LEVEL = "-Onone";
			};
			name = Debug;
		};
		063453142C2895A000DACD2C /* Release */ = {
			isa = XCBuildConfiguration;
			buildSettings = {
				ALWAYS_SEARCH_USER_PATHS = NO;
				ASSETCATALOG_COMPILER_GENERATE_SWIFT_ASSET_SYMBOL_EXTENSIONS = YES;
				CLANG_ANALYZER_NONNULL = YES;
				CLANG_ANALYZER_NUMBER_OBJECT_CONVERSION = YES_AGGRESSIVE;
				CLANG_CXX_LANGUAGE_STANDARD = "gnu++20";
				CLANG_ENABLE_MODULES = YES;
				CLANG_ENABLE_OBJC_ARC = YES;
				CLANG_ENABLE_OBJC_WEAK = YES;
				CLANG_WARN_BLOCK_CAPTURE_AUTORELEASING = YES;
				CLANG_WARN_BOOL_CONVERSION = YES;
				CLANG_WARN_COMMA = YES;
				CLANG_WARN_CONSTANT_CONVERSION = YES;
				CLANG_WARN_DEPRECATED_OBJC_IMPLEMENTATIONS = YES;
				CLANG_WARN_DIRECT_OBJC_ISA_USAGE = YES_ERROR;
				CLANG_WARN_DOCUMENTATION_COMMENTS = YES;
				CLANG_WARN_EMPTY_BODY = YES;
				CLANG_WARN_ENUM_CONVERSION = YES;
				CLANG_WARN_INFINITE_RECURSION = YES;
				CLANG_WARN_INT_CONVERSION = YES;
				CLANG_WARN_NON_LITERAL_NULL_CONVERSION = YES;
				CLANG_WARN_OBJC_IMPLICIT_RETAIN_SELF = YES;
				CLANG_WARN_OBJC_LITERAL_CONVERSION = YES;
				CLANG_WARN_OBJC_ROOT_CLASS = YES_ERROR;
				CLANG_WARN_QUOTED_INCLUDE_IN_FRAMEWORK_HEADER = YES;
				CLANG_WARN_RANGE_LOOP_ANALYSIS = YES;
				CLANG_WARN_STRICT_PROTOTYPES = YES;
				CLANG_WARN_SUSPICIOUS_MOVE = YES;
				CLANG_WARN_UNGUARDED_AVAILABILITY = YES_AGGRESSIVE;
				CLANG_WARN_UNREACHABLE_CODE = YES;
				CLANG_WARN__DUPLICATE_METHOD_MATCH = YES;
				COPY_PHASE_STRIP = NO;
				DEBUG_INFORMATION_FORMAT = "dwarf-with-dsym";
				ENABLE_NS_ASSERTIONS = NO;
				ENABLE_STRICT_OBJC_MSGSEND = YES;
				ENABLE_USER_SCRIPT_SANDBOXING = YES;
				GCC_C_LANGUAGE_STANDARD = gnu17;
				GCC_NO_COMMON_BLOCKS = YES;
				GCC_WARN_64_TO_32_BIT_CONVERSION = YES;
				GCC_WARN_ABOUT_RETURN_TYPE = YES_ERROR;
				GCC_WARN_UNDECLARED_SELECTOR = YES;
				GCC_WARN_UNINITIALIZED_AUTOS = YES_AGGRESSIVE;
				GCC_WARN_UNUSED_FUNCTION = YES;
				GCC_WARN_UNUSED_VARIABLE = YES;
				LOCALIZATION_PREFERS_STRING_CATALOGS = YES;
				MTL_ENABLE_DEBUG_INFO = NO;
				MTL_FAST_MATH = YES;
				SWIFT_COMPILATION_MODE = wholemodule;
			};
			name = Release;
		};
		063453162C2895A000DACD2C /* Debug */ = {
			isa = XCBuildConfiguration;
			buildSettings = {
				ASSETCATALOG_COMPILER_APPICON_NAME = AppIcon;
				ASSETCATALOG_COMPILER_GLOBAL_ACCENT_COLOR_NAME = AccentColor;
				CODE_SIGN_ENTITLEMENTS = "Quantum Clicker/Quantum_Clicker.entitlements";
				"CODE_SIGN_IDENTITY[sdk=macosx*]" = "Apple Development";
				CODE_SIGN_STYLE = Automatic;
				CURRENT_PROJECT_VERSION = 1;
				DEVELOPMENT_ASSET_PATHS = "\"Quantum Clicker/Preview Content\"";
				DEVELOPMENT_TEAM = FTC4MXFMA7;
				ENABLE_HARDENED_RUNTIME = NO;
				ENABLE_PREVIEWS = YES;
				GENERATE_INFOPLIST_FILE = YES;
				INFOPLIST_FILE = "Quantum-Clicker-Info.plist";
				"INFOPLIST_KEY_UIApplicationSceneManifest_Generation[sdk=iphoneos*]" = YES;
				"INFOPLIST_KEY_UIApplicationSceneManifest_Generation[sdk=iphonesimulator*]" = YES;
				"INFOPLIST_KEY_UIApplicationSupportsIndirectInputEvents[sdk=iphoneos*]" = YES;
				"INFOPLIST_KEY_UIApplicationSupportsIndirectInputEvents[sdk=iphonesimulator*]" = YES;
				"INFOPLIST_KEY_UILaunchScreen_Generation[sdk=iphoneos*]" = YES;
				"INFOPLIST_KEY_UILaunchScreen_Generation[sdk=iphonesimulator*]" = YES;
				"INFOPLIST_KEY_UIStatusBarStyle[sdk=iphoneos*]" = UIStatusBarStyleDefault;
				"INFOPLIST_KEY_UIStatusBarStyle[sdk=iphonesimulator*]" = UIStatusBarStyleDefault;
				INFOPLIST_KEY_UISupportedInterfaceOrientations_iPad = "UIInterfaceOrientationPortrait UIInterfaceOrientationPortraitUpsideDown UIInterfaceOrientationLandscapeLeft UIInterfaceOrientationLandscapeRight";
				INFOPLIST_KEY_UISupportedInterfaceOrientations_iPhone = "UIInterfaceOrientationPortrait UIInterfaceOrientationLandscapeLeft UIInterfaceOrientationLandscapeRight";
				IPHONEOS_DEPLOYMENT_TARGET = 17.5;
				LD_RUNPATH_SEARCH_PATHS = "@executable_path/Frameworks";
				"LD_RUNPATH_SEARCH_PATHS[sdk=macosx*]" = "@executable_path/../Frameworks";
				MACOSX_DEPLOYMENT_TARGET = 14.5;
				MARKETING_VERSION = 1.0;
				PRODUCT_BUNDLE_IDENTIFIER = "name.adambyford.Quantum-Clicker";
				PRODUCT_NAME = "$(TARGET_NAME)";
				SDKROOT = auto;
				SUPPORTED_PLATFORMS = "iphoneos iphonesimulator";
				SUPPORTS_MACCATALYST = NO;
				SWIFT_EMIT_LOC_STRINGS = YES;
				SWIFT_VERSION = 5.0;
				TARGETED_DEVICE_FAMILY = "1,2";
			};
			name = Debug;
		};
		063453172C2895A000DACD2C /* Release */ = {
			isa = XCBuildConfiguration;
			buildSettings = {
				ASSETCATALOG_COMPILER_APPICON_NAME = AppIcon;
				ASSETCATALOG_COMPILER_GLOBAL_ACCENT_COLOR_NAME = AccentColor;
				CODE_SIGN_ENTITLEMENTS = "Quantum Clicker/Quantum_Clicker.entitlements";
				"CODE_SIGN_IDENTITY[sdk=macosx*]" = "Apple Development";
				CODE_SIGN_STYLE = Automatic;
				CURRENT_PROJECT_VERSION = 1;
				DEVELOPMENT_ASSET_PATHS = "\"Quantum Clicker/Preview Content\"";
				DEVELOPMENT_TEAM = FTC4MXFMA7;
				ENABLE_HARDENED_RUNTIME = NO;
				ENABLE_PREVIEWS = YES;
				GENERATE_INFOPLIST_FILE = YES;
				INFOPLIST_FILE = "Quantum-Clicker-Info.plist";
				"INFOPLIST_KEY_UIApplicationSceneManifest_Generation[sdk=iphoneos*]" = YES;
				"INFOPLIST_KEY_UIApplicationSceneManifest_Generation[sdk=iphonesimulator*]" = YES;
				"INFOPLIST_KEY_UIApplicationSupportsIndirectInputEvents[sdk=iphoneos*]" = YES;
				"INFOPLIST_KEY_UIApplicationSupportsIndirectInputEvents[sdk=iphonesimulator*]" = YES;
				"INFOPLIST_KEY_UILaunchScreen_Generation[sdk=iphoneos*]" = YES;
				"INFOPLIST_KEY_UILaunchScreen_Generation[sdk=iphonesimulator*]" = YES;
				"INFOPLIST_KEY_UIStatusBarStyle[sdk=iphoneos*]" = UIStatusBarStyleDefault;
				"INFOPLIST_KEY_UIStatusBarStyle[sdk=iphonesimulator*]" = UIStatusBarStyleDefault;
				INFOPLIST_KEY_UISupportedInterfaceOrientations_iPad = "UIInterfaceOrientationPortrait UIInterfaceOrientationPortraitUpsideDown UIInterfaceOrientationLandscapeLeft UIInterfaceOrientationLandscapeRight";
				INFOPLIST_KEY_UISupportedInterfaceOrientations_iPhone = "UIInterfaceOrientationPortrait UIInterfaceOrientationLandscapeLeft UIInterfaceOrientationLandscapeRight";
				IPHONEOS_DEPLOYMENT_TARGET = 17.5;
				LD_RUNPATH_SEARCH_PATHS = "@executable_path/Frameworks";
				"LD_RUNPATH_SEARCH_PATHS[sdk=macosx*]" = "@executable_path/../Frameworks";
				MACOSX_DEPLOYMENT_TARGET = 14.5;
				MARKETING_VERSION = 1.0;
				PRODUCT_BUNDLE_IDENTIFIER = "name.adambyford.Quantum-Clicker";
				PRODUCT_NAME = "$(TARGET_NAME)";
				SDKROOT = auto;
				SUPPORTED_PLATFORMS = "iphoneos iphonesimulator";
				SUPPORTS_MACCATALYST = NO;
				SWIFT_EMIT_LOC_STRINGS = YES;
				SWIFT_VERSION = 5.0;
				TARGETED_DEVICE_FAMILY = "1,2";
			};
			name = Release;
		};
/* End XCBuildConfiguration section */

/* Begin XCConfigurationList section */
		063453012C28959F00DACD2C /* Build configuration list for PBXProject "Quantum Clicker" */ = {
			isa = XCConfigurationList;
			buildConfigurations = (
				063453132C2895A000DACD2C /* Debug */,
				063453142C2895A000DACD2C /* Release */,
			);
			defaultConfigurationIsVisible = 0;
			defaultConfigurationName = Release;
		};
		063453152C2895A000DACD2C /* Build configuration list for PBXNativeTarget "Quantum Clicker" */ = {
			isa = XCConfigurationList;
			buildConfigurations = (
				063453162C2895A000DACD2C /* Debug */,
				063453172C2895A000DACD2C /* Release */,
			);
			defaultConfigurationIsVisible = 0;
			defaultConfigurationName = Release;
		};
/* End XCConfigurationList section */
	};
	rootObject = 063452FE2C28959F00DACD2C /* Project object */;
}
